{
  "name": "liquidjs-demo-typescript",
  "lockfileVersion": 3,
  "requires": true,
  "packages": {
    "": {
      "name": "liquidjs-demo-typescript",
      "dependencies": {
        "liquidjs": "latest",
        "typescript": "^4.2.4"
      },
      "devDependencies": {
        "@types/node": "^14.14.37"
      }
    },
    "node_modules/@types/node": {
      "version": "14.18.34",
      "resolved": "https://registry.npmjs.org/@types/node/-/node-14.18.34.tgz",
      "integrity": "sha512-hcU9AIQVHmPnmjRK+XUUYlILlr9pQrsqSrwov/JK1pnf3GTQowVBhx54FbvM0AU/VXGH4i3+vgXS5EguR7fysA==",
      "dev": true
    },
    "node_modules/commander": {
      "version": "10.0.1",
      "resolved": "https://registry.npmjs.org/commander/-/commander-10.0.1.tgz",
      "integrity": "sha512-y4Mg2tXshplEbSGzx7amzPwKKOCGuoSRP/CjEdwwk0FOGlUbq6lKuoyDZTNZkmxHdJtp54hdfY/JUrdL7Xfdug==",
      "engines": {
        "node": ">=14"
      }
    },
    "node_modules/liquidjs": {
      "version": "10.8.3",
      "resolved": "https://registry.npmjs.org/liquidjs/-/liquidjs-10.8.3.tgz",
      "integrity": "sha512-LqHLYtH3vrkT3LyfOhPU0FJX5KPO4aB6SzGa4HRI29yz8pS0ZxqIe/fWtic8qiust1+qrHI92J67tdt92V4WOA==",
      "dependencies": {
        "commander": "^10.0.0"
      },
      "bin": {
        "liquid": "bin/liquid.js",
        "liquidjs": "bin/liquid.js"
      },
      "engines": {
        "node": ">=14"
      },
      "funding": {
        "type": "opencollective",
        "url": "https://opencollective.com/liquidjs"
      }
    },
    "node_modules/typescript": {
      "version": "4.9.4",
      "resolved": "https://registry.npmjs.org/typescript/-/typescript-4.9.4.tgz",
      "integrity": "sha512-Uz+dTXYzxXXbsFpM86Wh3dKCxrQqUcVMxwU54orwlJjOpO3ao8L7j5lH+dWfTwgCwIuM9GQ2kvVotzYJMXTBZg==",
      "bin": {
        "tsc": "bin/tsc",
        "tsserver": "bin/tsserver"
      },
      "engines": {
        "node": ">=4.2.0"
      }
    }
  }
}
