{
  "name": "liquidjs-demo-nodejs",
  "requires": true,
  "lockfileVersion": 1,
  "dependencies": {
    "liquidjs": {
      "version": "9.32.1",
      "resolved": "https://registry.npmjs.org/liquidjs/-/liquidjs-9.32.1.tgz",
      "integrity": "sha512-U/ymmm4M3sNJszHlF0Gzneky17qk+vWmu3nFkWKdniQhqaZNk6eZQdbcKkFGFPN4I9ijrBRjDsLBLysu292j8w=="
    }
  }
}
