{
  "name": "Node.js demo for liquidjs",
  "requires": true,
  "lockfileVersion": 1,
  "dependencies": {
    "liquidjs": {
      "version": "7.0.0",
      "resolved": "https://registry.npmjs.org/liquidjs/-/liquidjs-7.0.0.tgz",
      "integrity": "sha512-/JL+VQUI++6iCS7JQ4fPPeji6vyvHCU/iuz2bLSiE0tn0eO3kf8GEyfaXnQUHSroy8SmJu7HQIvjvOErtYEvUg=="
    }
  }
}
