{
  "name": "liquidjs-demo-nodejs",
  "requires": true,
  "lockfileVersion": 1,
  "dependencies": {
    "hello-liquid": {
      "version": "1.0.0",
      "resolved": "https://registry.npmjs.org/hello-liquid/-/hello-liquid-1.0.0.tgz",
      "integrity": "sha512-WNmZp5s647BN2WHPq4FHVH85CcqNVet5DXIVw1UtVMaV+MJHFA+ylge0hqHSw0iOI/Ojrx8KEKZurYZix5PekQ=="
    },
    "liquidjs": {
      "version": "9.42.0",
      "resolved": "https://registry.npmjs.org/liquidjs/-/liquidjs-9.42.0.tgz",
      "integrity": "sha512-krvhwGFrMCMGhybGkxJIvlWVVnoCSpYCn7NhEN43+uvlg2vOkYWpq8be+L3NMlOfwe4ZrKQ7hCh1EmS4yhLKow=="
    }
  }
}
