{
  "name": "liquidjs-demo-nodejs",
  "lockfileVersion": 3,
  "requires": true,
  "packages": {
    "": {
      "name": "liquidjs-demo-nodejs",
      "dependencies": {
        "hello-liquid": "^1.0.0",
        "liquidjs": "^10.16.4"
      }
    },
    "node_modules/commander": {
      "version": "10.0.1",
      "resolved": "https://registry.npmjs.org/commander/-/commander-10.0.1.tgz",
      "integrity": "sha512-y4Mg2tXshplEbSGzx7amzPwKKOCGuoSRP/CjEdwwk0FOGlUbq6lKuoyDZTNZkmxHdJtp54hdfY/JUrdL7Xfdug==",
      "engines": {
        "node": ">=14"
      }
    },
    "node_modules/hello-liquid": {
      "version": "1.0.0",
      "resolved": "https://registry.npmjs.org/hello-liquid/-/hello-liquid-1.0.0.tgz",
      "integrity": "sha512-WNmZp5s647BN2WHPq4FHVH85CcqNVet5DXIVw1UtVMaV+MJHFA+ylge0hqHSw0iOI/Ojrx8KEKZurYZix5PekQ=="
    },
    "node_modules/liquidjs": {
      "version": "10.16.4",
      "resolved": "https://registry.npmjs.org/liquidjs/-/liquidjs-10.16.4.tgz",
      "integrity": "sha512-5kK5HRZng6crSedS11D1h9Od8pYB5wjWjvJIlbhLVS7n+ITWzQervv27jx+7MkOS2KYfAEhwlEinTsTn4Ae5WQ==",
      "dependencies": {
        "commander": "^10.0.0"
      },
      "bin": {
        "liquid": "bin/liquid.js",
        "liquidjs": "bin/liquid.js"
      },
      "engines": {
        "node": ">=14"
      },
      "funding": {
        "type": "opencollective",
        "url": "https://opencollective.com/liquidjs"
      }
    }
  }
}
